// !$*UTF8*$!
{
	archiveVersion = 1;
	classes = {
	};
	objectVersion = 56;
	objects = {

/* Begin PBXBuildFile section */
		BDBF51E02AE3695F0058F2E0 /* RealityKitContent in Frameworks */ = {isa = PBXBuildFile; productRef = BDBF51DF2AE3695F0058F2E0 /* RealityKitContent */; };
		BDBF51E22AE3695F0058F2E0 /* cardmasterApp.swift in Sources */ = {isa = PBXBuildFile; fileRef = BDBF51E12AE3695F0058F2E0 /* cardmasterApp.swift */; };
		BDBF51E42AE3695F0058F2E0 /* ContentView.swift in Sources */ = {isa = PBXBuildFile; fileRef = BDBF51E32AE3695F0058F2E0 /* ContentView.swift */; };
		BDBF51E62AE3695F0058F2E0 /* ImmersiveView.swift in Sources */ = {isa = PBXBuildFile; fileRef = BDBF51E52AE3695F0058F2E0 /* ImmersiveView.swift */; };
		BDBF51E82AE3695F0058F2E0 /* ImageBasedLighting.skybox in Resources */ = {isa = PBXBuildFile; fileRef = BDBF51E72AE3695F0058F2E0 /* ImageBasedLighting.skybox */; };
		BDBF51EA2AE369610058F2E0 /* Assets.xcassets in Resources */ = {isa = PBXBuildFile; fileRef = BDBF51E92AE369610058F2E0 /* Assets.xcassets */; };
		BDBF51ED2AE369610058F2E0 /* Preview Assets.xcassets in Resources */ = {isa = PBXBuildFile; fileRef = BDBF51EC2AE369610058F2E0 /* Preview Assets.xcassets */; };
		BDBF52102AE3754D0058F2E0 /* UserModel.swift in Sources */ = {isa = PBXBuildFile; fileRef = BDBF520F2AE3754D0058F2E0 /* UserModel.swift */; };
		BDBF52122AE383070058F2E0 /* HomeView.swift in Sources */ = {isa = PBXBuildFile; fileRef = BDBF52112AE383070058F2E0 /* HomeView.swift */; };
		BDBF52142AE383360058F2E0 /* AssistantView.swift in Sources */ = {isa = PBXBuildFile; fileRef = BDBF52132AE383360058F2E0 /* AssistantView.swift */; };
		BDBF52162AE389730058F2E0 /* AssistantViewModel.swift in Sources */ = {isa = PBXBuildFile; fileRef = BDBF52152AE389730058F2E0 /* AssistantViewModel.swift */; };
		BDBF52182AE389EE0058F2E0 /* HomeViewModel.swift in Sources */ = {isa = PBXBuildFile; fileRef = BDBF52172AE389EE0058F2E0 /* HomeViewModel.swift */; };
		BDBF521B2AE38D920058F2E0 /* Alamofire in Frameworks */ = {isa = PBXBuildFile; productRef = BDBF521A2AE38D920058F2E0 /* Alamofire */; };
		BDBF52232AE411580058F2E0 /* ProfileView.swift in Sources */ = {isa = PBXBuildFile; fileRef = BDBF52222AE411580058F2E0 /* ProfileView.swift */; };
		BDBF52252AE411600058F2E0 /* WishlistView.swift in Sources */ = {isa = PBXBuildFile; fileRef = BDBF52242AE411600058F2E0 /* WishlistView.swift */; };
		BDBF52272AE4149A0058F2E0 /* CreditCardModel.swift in Sources */ = {isa = PBXBuildFile; fileRef = BDBF52262AE4149A0058F2E0 /* CreditCardModel.swift */; };
		BDBF52292AE4297F0058F2E0 /* CreditCardView.swift in Sources */ = {isa = PBXBuildFile; fileRef = BDBF52282AE4297F0058F2E0 /* CreditCardView.swift */; };
		BDBF522B2AE473660058F2E0 /* WishlistViewModel.swift in Sources */ = {isa = PBXBuildFile; fileRef = BDBF522A2AE473660058F2E0 /* WishlistViewModel.swift */; };
		BDBF522E2AE4830F0058F2E0 /* Office.jpg in Resources */ = {isa = PBXBuildFile; fileRef = BDBF522D2AE4830F0058F2E0 /* Office.jpg */; };
/* End PBXBuildFile section */

/* Begin PBXFileReference section */
		BDBF51DA2AE3695F0058F2E0 /* cardmaster.app */ = {isa = PBXFileReference; explicitFileType = wrapper.application; includeInIndex = 0; path = cardmaster.app; sourceTree = BUILT_PRODUCTS_DIR; };
		BDBF51DE2AE3695F0058F2E0 /* RealityKitContent */ = {isa = PBXFileReference; lastKnownFileType = wrapper; path = RealityKitContent; sourceTree = "<group>"; };
		BDBF51E12AE3695F0058F2E0 /* cardmasterApp.swift */ = {isa = PBXFileReference; lastKnownFileType = sourcecode.swift; path = cardmasterApp.swift; sourceTree = "<group>"; };
		BDBF51E32AE3695F0058F2E0 /* ContentView.swift */ = {isa = PBXFileReference; lastKnownFileType = sourcecode.swift; path = ContentView.swift; sourceTree = "<group>"; };
		BDBF51E52AE3695F0058F2E0 /* ImmersiveView.swift */ = {isa = PBXFileReference; lastKnownFileType = sourcecode.swift; path = ImmersiveView.swift; sourceTree = "<group>"; };
		BDBF51E72AE3695F0058F2E0 /* ImageBasedLighting.skybox */ = {isa = PBXFileReference; lastKnownFileType = file.skybox; path = ImageBasedLighting.skybox; sourceTree = "<group>"; };
		BDBF51E92AE369610058F2E0 /* Assets.xcassets */ = {isa = PBXFileReference; lastKnownFileType = folder.assetcatalog; path = Assets.xcassets; sourceTree = "<group>"; };
		BDBF51EC2AE369610058F2E0 /* Preview Assets.xcassets */ = {isa = PBXFileReference; lastKnownFileType = folder.assetcatalog; path = "Preview Assets.xcassets"; sourceTree = "<group>"; };
		BDBF520F2AE3754D0058F2E0 /* UserModel.swift */ = {isa = PBXFileReference; lastKnownFileType = sourcecode.swift; path = UserModel.swift; sourceTree = "<group>"; };
		BDBF52112AE383070058F2E0 /* HomeView.swift */ = {isa = PBXFileReference; lastKnownFileType = sourcecode.swift; path = HomeView.swift; sourceTree = "<group>"; };
		BDBF52132AE383360058F2E0 /* AssistantView.swift */ = {isa = PBXFileReference; lastKnownFileType = sourcecode.swift; path = AssistantView.swift; sourceTree = "<group>"; };
		BDBF52152AE389730058F2E0 /* AssistantViewModel.swift */ = {isa = PBXFileReference; lastKnownFileType = sourcecode.swift; path = AssistantViewModel.swift; sourceTree = "<group>"; };
		BDBF52172AE389EE0058F2E0 /* HomeViewModel.swift */ = {isa = PBXFileReference; lastKnownFileType = sourcecode.swift; path = HomeViewModel.swift; sourceTree = "<group>"; };
		BDBF521C2AE3A4F90058F2E0 /* Info.plist */ = {isa = PBXFileReference; lastKnownFileType = text.plist; path = Info.plist; sourceTree = "<group>"; };
		BDBF52222AE411580058F2E0 /* ProfileView.swift */ = {isa = PBXFileReference; lastKnownFileType = sourcecode.swift; path = ProfileView.swift; sourceTree = "<group>"; };
		BDBF52242AE411600058F2E0 /* WishlistView.swift */ = {isa = PBXFileReference; lastKnownFileType = sourcecode.swift; path = WishlistView.swift; sourceTree = "<group>"; };
		BDBF52262AE4149A0058F2E0 /* CreditCardModel.swift */ = {isa = PBXFileReference; lastKnownFileType = sourcecode.swift; path = CreditCardModel.swift; sourceTree = "<group>"; };
		BDBF52282AE4297F0058F2E0 /* CreditCardView.swift */ = {isa = PBXFileReference; lastKnownFileType = sourcecode.swift; path = CreditCardView.swift; sourceTree = "<group>"; };
		BDBF522A2AE473660058F2E0 /* WishlistViewModel.swift */ = {isa = PBXFileReference; lastKnownFileType = sourcecode.swift; path = WishlistViewModel.swift; sourceTree = "<group>"; };
		BDBF522D2AE4830F0058F2E0 /* Office.jpg */ = {isa = PBXFileReference; lastKnownFileType = image.jpeg; path = Office.jpg; sourceTree = "<group>"; };
/* End PBXFileReference section */

/* Begin PBXFrameworksBuildPhase section */
		BDBF51D72AE3695F0058F2E0 /* Frameworks */ = {
			isa = PBXFrameworksBuildPhase;
			buildActionMask = 2147483647;
			files = (
				BDBF51E02AE3695F0058F2E0 /* RealityKitContent in Frameworks */,
				BDBF521B2AE38D920058F2E0 /* Alamofire in Frameworks */,
			);
			runOnlyForDeploymentPostprocessing = 0;
		};
/* End PBXFrameworksBuildPhase section */

/* Begin PBXGroup section */
		BDBF51D12AE3695F0058F2E0 = {
			isa = PBXGroup;
			children = (
				BDBF51DC2AE3695F0058F2E0 /* cardmaster */,
				BDBF51DD2AE3695F0058F2E0 /* Packages */,
				BDBF51DB2AE3695F0058F2E0 /* Products */,
			);
			sourceTree = "<group>";
		};
		BDBF51DB2AE3695F0058F2E0 /* Products */ = {
			isa = PBXGroup;
			children = (
				BDBF51DA2AE3695F0058F2E0 /* cardmaster.app */,
			);
			name = Products;
			sourceTree = "<group>";
		};
		BDBF51DC2AE3695F0058F2E0 /* cardmaster */ = {
			isa = PBXGroup;
			children = (
				BDBF522C2AE482F50058F2E0 /* Resources */,
				BDBF521C2AE3A4F90058F2E0 /* Info.plist */,
				BDBF51E12AE3695F0058F2E0 /* cardmasterApp.swift */,
				BDBF51E32AE3695F0058F2E0 /* ContentView.swift */,
				BDBF51E52AE3695F0058F2E0 /* ImmersiveView.swift */,
				BDBF51F32AE36BFF0058F2E0 /* Source */,
				BDBF51E72AE3695F0058F2E0 /* ImageBasedLighting.skybox */,
				BDBF51EB2AE369610058F2E0 /* Preview Content */,
			);
			path = cardmaster;
			sourceTree = "<group>";
		};
		BDBF51DD2AE3695F0058F2E0 /* Packages */ = {
			isa = PBXGroup;
			children = (
				BDBF51DE2AE3695F0058F2E0 /* RealityKitContent */,
			);
			path = Packages;
			sourceTree = "<group>";
		};
		BDBF51EB2AE369610058F2E0 /* Preview Content */ = {
			isa = PBXGroup;
			children = (
				BDBF51EC2AE369610058F2E0 /* Preview Assets.xcassets */,
			);
			path = "Preview Content";
			sourceTree = "<group>";
		};
		BDBF51F32AE36BFF0058F2E0 /* Source */ = {
			isa = PBXGroup;
			children = (
				BDBF51F52AE36C170058F2E0 /* SupportingFiles */,
				BDBF51F42AE36C0F0058F2E0 /* Features */,
			);
			path = Source;
			sourceTree = "<group>";
		};
		BDBF51F42AE36C0F0058F2E0 /* Features */ = {
			isa = PBXGroup;
			children = (
				BDBF51FC2AE36F9F0058F2E0 /* Common */,
				BDBF51FA2AE36F800058F2E0 /* Home */,
				BDBF521E2AE411250058F2E0 /* Wishlist */,
				BDBF51F92AE36F6C0058F2E0 /* Profile */,
				BDBF51F82AE36F680058F2E0 /* Assistant */,
			);
			path = Features;
			sourceTree = "<group>";
		};
		BDBF51F52AE36C170058F2E0 /* SupportingFiles */ = {
			isa = PBXGroup;
			children = (
			);
			path = SupportingFiles;
			sourceTree = "<group>";
		};
		BDBF51F82AE36F680058F2E0 /* Assistant */ = {
			isa = PBXGroup;
			children = (
				BDBF520E2AE3701D0058F2E0 /* Views */,
				BDBF520D2AE370180058F2E0 /* ViewModels */,
				BDBF520C2AE370150058F2E0 /* Models */,
			);
			path = Assistant;
			sourceTree = "<group>";
		};
		BDBF51F92AE36F6C0058F2E0 /* Profile */ = {
			isa = PBXGroup;
			children = (
				BDBF520B2AE370120058F2E0 /* Views */,
				BDBF520A2AE3700C0058F2E0 /* ViewModels */,
				BDBF52082AE36FFF0058F2E0 /* Models */,
			);
			path = Profile;
			sourceTree = "<group>";
		};
		BDBF51FA2AE36F800058F2E0 /* Home */ = {
			isa = PBXGroup;
			children = (
				BDBF52072AE36FFC0058F2E0 /* Views */,
				BDBF52062AE36FF50058F2E0 /* ViewModels */,
				BDBF52052AE36FD20058F2E0 /* Models */,
			);
			path = Home;
			sourceTree = "<group>";
		};
		BDBF51FC2AE36F9F0058F2E0 /* Common */ = {
			isa = PBXGroup;
			children = (
				BDBF52012AE36FBE0058F2E0 /* Managers */,
				BDBF52002AE36FB10058F2E0 /* Views */,
				BDBF51FF2AE36FAD0058F2E0 /* ViewModels */,
				BDBF51FE2AE36FAA0058F2E0 /* Models */,
			);
			path = Common;
			sourceTree = "<group>";
		};
		BDBF51FE2AE36FAA0058F2E0 /* Models */ = {
			isa = PBXGroup;
			children = (
				BDBF520F2AE3754D0058F2E0 /* UserModel.swift */,
				BDBF52262AE4149A0058F2E0 /* CreditCardModel.swift */,
			);
			path = Models;
			sourceTree = "<group>";
		};
		BDBF51FF2AE36FAD0058F2E0 /* ViewModels */ = {
			isa = PBXGroup;
			children = (
			);
			path = ViewModels;
			sourceTree = "<group>";
		};
		BDBF52002AE36FB10058F2E0 /* Views */ = {
			isa = PBXGroup;
			children = (
			);
			path = Views;
			sourceTree = "<group>";
		};
		BDBF52012AE36FBE0058F2E0 /* Managers */ = {
			isa = PBXGroup;
			children = (
			);
			path = Managers;
			sourceTree = "<group>";
		};
		BDBF52052AE36FD20058F2E0 /* Models */ = {
			isa = PBXGroup;
			children = (
			);
			path = Models;
			sourceTree = "<group>";
		};
		BDBF52062AE36FF50058F2E0 /* ViewModels */ = {
			isa = PBXGroup;
			children = (
				BDBF52172AE389EE0058F2E0 /* HomeViewModel.swift */,
			);
			path = ViewModels;
			sourceTree = "<group>";
		};
		BDBF52072AE36FFC0058F2E0 /* Views */ = {
			isa = PBXGroup;
			children = (
				BDBF52112AE383070058F2E0 /* HomeView.swift */,
				BDBF52282AE4297F0058F2E0 /* CreditCardView.swift */,
			);
			path = Views;
			sourceTree = "<group>";
		};
		BDBF52082AE36FFF0058F2E0 /* Models */ = {
			isa = PBXGroup;
			children = (
			);
			path = Models;
			sourceTree = "<group>";
		};
		BDBF520A2AE3700C0058F2E0 /* ViewModels */ = {
			isa = PBXGroup;
			children = (
			);
			path = ViewModels;
			sourceTree = "<group>";
		};
		BDBF520B2AE370120058F2E0 /* Views */ = {
			isa = PBXGroup;
			children = (
				BDBF52222AE411580058F2E0 /* ProfileView.swift */,
			);
			path = Views;
			sourceTree = "<group>";
		};
		BDBF520C2AE370150058F2E0 /* Models */ = {
			isa = PBXGroup;
			children = (
			);
			path = Models;
			sourceTree = "<group>";
		};
		BDBF520D2AE370180058F2E0 /* ViewModels */ = {
			isa = PBXGroup;
			children = (
				BDBF52152AE389730058F2E0 /* AssistantViewModel.swift */,
			);
			path = ViewModels;
			sourceTree = "<group>";
		};
		BDBF520E2AE3701D0058F2E0 /* Views */ = {
			isa = PBXGroup;
			children = (
				BDBF52132AE383360058F2E0 /* AssistantView.swift */,
			);
			path = Views;
			sourceTree = "<group>";
		};
		BDBF521E2AE411250058F2E0 /* Wishlist */ = {
			isa = PBXGroup;
			children = (
				BDBF52212AE4114D0058F2E0 /* Views */,
				BDBF52202AE4114A0058F2E0 /* ViewModels */,
				BDBF521F2AE411440058F2E0 /* Models */,
			);
			path = Wishlist;
			sourceTree = "<group>";
		};
		BDBF521F2AE411440058F2E0 /* Models */ = {
			isa = PBXGroup;
			children = (
			);
			path = Models;
			sourceTree = "<group>";
		};
		BDBF52202AE4114A0058F2E0 /* ViewModels */ = {
			isa = PBXGroup;
			children = (
				BDBF522A2AE473660058F2E0 /* WishlistViewModel.swift */,
			);
			path = ViewModels;
			sourceTree = "<group>";
		};
		BDBF52212AE4114D0058F2E0 /* Views */ = {
			isa = PBXGroup;
			children = (
				BDBF52242AE411600058F2E0 /* WishlistView.swift */,
			);
			path = Views;
			sourceTree = "<group>";
		};
		BDBF522C2AE482F50058F2E0 /* Resources */ = {
			isa = PBXGroup;
			children = (
				BDBF522D2AE4830F0058F2E0 /* Office.jpg */,
				BDBF51E92AE369610058F2E0 /* Assets.xcassets */,
			);
			path = Resources;
			sourceTree = "<group>";
		};
/* End PBXGroup section */

/* Begin PBXNativeTarget section */
		BDBF51D92AE3695F0058F2E0 /* cardmaster */ = {
			isa = PBXNativeTarget;
			buildConfigurationList = BDBF51F02AE369610058F2E0 /* Build configuration list for PBXNativeTarget "cardmaster" */;
			buildPhases = (
				BDBF51D62AE3695F0058F2E0 /* Sources */,
				BDBF51D72AE3695F0058F2E0 /* Frameworks */,
				BDBF51D82AE3695F0058F2E0 /* Resources */,
			);
			buildRules = (
			);
			dependencies = (
			);
			name = cardmaster;
			packageProductDependencies = (
				BDBF51DF2AE3695F0058F2E0 /* RealityKitContent */,
				BDBF521A2AE38D920058F2E0 /* Alamofire */,
			);
			productName = cardmaster;
			productReference = BDBF51DA2AE3695F0058F2E0 /* cardmaster.app */;
			productType = "com.apple.product-type.application";
		};
/* End PBXNativeTarget section */

/* Begin PBXProject section */
		BDBF51D22AE3695F0058F2E0 /* Project object */ = {
			isa = PBXProject;
			attributes = {
				BuildIndependentTargetsInParallel = 1;
				LastSwiftUpdateCheck = 1500;
				LastUpgradeCheck = 1500;
				TargetAttributes = {
					BDBF51D92AE3695F0058F2E0 = {
						CreatedOnToolsVersion = 15.0;
					};
				};
			};
			buildConfigurationList = BDBF51D52AE3695F0058F2E0 /* Build configuration list for PBXProject "cardmaster" */;
			compatibilityVersion = "Xcode 14.0";
			developmentRegion = en;
			hasScannedForEncodings = 0;
			knownRegions = (
				en,
				Base,
			);
			mainGroup = BDBF51D12AE3695F0058F2E0;
			packageReferences = (
				BDBF52192AE38D920058F2E0 /* XCRemoteSwiftPackageReference "Alamofire" */,
			);
			productRefGroup = BDBF51DB2AE3695F0058F2E0 /* Products */;
			projectDirPath = "";
			projectRoot = "";
			targets = (
				BDBF51D92AE3695F0058F2E0 /* cardmaster */,
			);
		};
/* End PBXProject section */

/* Begin PBXResourcesBuildPhase section */
		BDBF51D82AE3695F0058F2E0 /* Resources */ = {
			isa = PBXResourcesBuildPhase;
			buildActionMask = 2147483647;
			files = (
				BDBF51EA2AE369610058F2E0 /* Assets.xcassets in Resources */,
				BDBF522E2AE4830F0058F2E0 /* Office.jpg in Resources */,
				BDBF51ED2AE369610058F2E0 /* Preview Assets.xcassets in Resources */,
				BDBF51E82AE3695F0058F2E0 /* ImageBasedLighting.skybox in Resources */,
			);
			runOnlyForDeploymentPostprocessing = 0;
		};
/* End PBXResourcesBuildPhase section */

/* Begin PBXSourcesBuildPhase section */
		BDBF51D62AE3695F0058F2E0 /* Sources */ = {
			isa = PBXSourcesBuildPhase;
			buildActionMask = 2147483647;
			files = (
				BDBF51E42AE3695F0058F2E0 /* ContentView.swift in Sources */,
				BDBF52232AE411580058F2E0 /* ProfileView.swift in Sources */,
				BDBF52162AE389730058F2E0 /* AssistantViewModel.swift in Sources */,
				BDBF52252AE411600058F2E0 /* WishlistView.swift in Sources */,
				BDBF52142AE383360058F2E0 /* AssistantView.swift in Sources */,
				BDBF52182AE389EE0058F2E0 /* HomeViewModel.swift in Sources */,
				BDBF51E22AE3695F0058F2E0 /* cardmasterApp.swift in Sources */,
				BDBF52102AE3754D0058F2E0 /* UserModel.swift in Sources */,
				BDBF522B2AE473660058F2E0 /* WishlistViewModel.swift in Sources */,
				BDBF52122AE383070058F2E0 /* HomeView.swift in Sources */,
				BDBF51E62AE3695F0058F2E0 /* ImmersiveView.swift in Sources */,
				BDBF52272AE4149A0058F2E0 /* CreditCardModel.swift in Sources */,
				BDBF52292AE4297F0058F2E0 /* CreditCardView.swift in Sources */,
			);
			runOnlyForDeploymentPostprocessing = 0;
		};
/* End PBXSourcesBuildPhase section */

/* Begin XCBuildConfiguration section */
		BDBF51EE2AE369610058F2E0 /* Debug */ = {
			isa = XCBuildConfiguration;
			buildSettings = {
				ALWAYS_SEARCH_USER_PATHS = NO;
				ASSETCATALOG_COMPILER_GENERATE_SWIFT_ASSET_SYMBOL_EXTENSIONS = YES;
				CLANG_ANALYZER_NONNULL = YES;
				CLANG_ANALYZER_NUMBER_OBJECT_CONVERSION = YES_AGGRESSIVE;
				CLANG_CXX_LANGUAGE_STANDARD = "gnu++20";
				CLANG_ENABLE_MODULES = YES;
				CLANG_ENABLE_OBJC_ARC = YES;
				CLANG_ENABLE_OBJC_WEAK = YES;
				CLANG_WARN_BLOCK_CAPTURE_AUTORELEASING = YES;
				CLANG_WARN_BOOL_CONVERSION = YES;
				CLANG_WARN_COMMA = YES;
				CLANG_WARN_CONSTANT_CONVERSION = YES;
				CLANG_WARN_DEPRECATED_OBJC_IMPLEMENTATIONS = YES;
				CLANG_WARN_DIRECT_OBJC_ISA_USAGE = YES_ERROR;
				CLANG_WARN_DOCUMENTATION_COMMENTS = YES;
				CLANG_WARN_EMPTY_BODY = YES;
				CLANG_WARN_ENUM_CONVERSION = YES;
				CLANG_WARN_INFINITE_RECURSION = YES;
				CLANG_WARN_INT_CONVERSION = YES;
				CLANG_WARN_NON_LITERAL_NULL_CONVERSION = YES;
				CLANG_WARN_OBJC_IMPLICIT_RETAIN_SELF = YES;
				CLANG_WARN_OBJC_LITERAL_CONVERSION = YES;
				CLANG_WARN_OBJC_ROOT_CLASS = YES_ERROR;
				CLANG_WARN_QUOTED_INCLUDE_IN_FRAMEWORK_HEADER = YES;
				CLANG_WARN_RANGE_LOOP_ANALYSIS = YES;
				CLANG_WARN_STRICT_PROTOTYPES = YES;
				CLANG_WARN_SUSPICIOUS_MOVE = YES;
				CLANG_WARN_UNGUARDED_AVAILABILITY = YES_AGGRESSIVE;
				CLANG_WARN_UNREACHABLE_CODE = YES;
				CLANG_WARN__DUPLICATE_METHOD_MATCH = YES;
				COPY_PHASE_STRIP = NO;
				DEBUG_INFORMATION_FORMAT = dwarf;
				ENABLE_STRICT_OBJC_MSGSEND = YES;
				ENABLE_TESTABILITY = YES;
				ENABLE_USER_SCRIPT_SANDBOXING = YES;
				GCC_C_LANGUAGE_STANDARD = gnu17;
				GCC_DYNAMIC_NO_PIC = NO;
				GCC_NO_COMMON_BLOCKS = YES;
				GCC_OPTIMIZATION_LEVEL = 0;
				GCC_PREPROCESSOR_DEFINITIONS = (
					"DEBUG=1",
					"$(inherited)",
				);
				GCC_WARN_64_TO_32_BIT_CONVERSION = YES;
				GCC_WARN_ABOUT_RETURN_TYPE = YES_ERROR;
				GCC_WARN_UNDECLARED_SELECTOR = YES;
				GCC_WARN_UNINITIALIZED_AUTOS = YES_AGGRESSIVE;
				GCC_WARN_UNUSED_FUNCTION = YES;
				GCC_WARN_UNUSED_VARIABLE = YES;
				LOCALIZATION_PREFERS_STRING_CATALOGS = YES;
				MTL_ENABLE_DEBUG_INFO = INCLUDE_SOURCE;
				MTL_FAST_MATH = YES;
				ONLY_ACTIVE_ARCH = YES;
				SDKROOT = xros;
				SWIFT_ACTIVE_COMPILATION_CONDITIONS = "DEBUG $(inherited)";
				SWIFT_OPTIMIZATION_LEVEL = "-Onone";
				XROS_DEPLOYMENT_TARGET = 1.0;
			};
			name = Debug;
		};
		BDBF51EF2AE369610058F2E0 /* Release */ = {
			isa = XCBuildConfiguration;
			buildSettings = {
				ALWAYS_SEARCH_USER_PATHS = NO;
				ASSETCATALOG_COMPILER_GENERATE_SWIFT_ASSET_SYMBOL_EXTENSIONS = YES;
				CLANG_ANALYZER_NONNULL = YES;
				CLANG_ANALYZER_NUMBER_OBJECT_CONVERSION = YES_AGGRESSIVE;
				CLANG_CXX_LANGUAGE_STANDARD = "gnu++20";
				CLANG_ENABLE_MODULES = YES;
				CLANG_ENABLE_OBJC_ARC = YES;
				CLANG_ENABLE_OBJC_WEAK = YES;
				CLANG_WARN_BLOCK_CAPTURE_AUTORELEASING = YES;
				CLANG_WARN_BOOL_CONVERSION = YES;
				CLANG_WARN_COMMA = YES;
				CLANG_WARN_CONSTANT_CONVERSION = YES;
				CLANG_WARN_DEPRECATED_OBJC_IMPLEMENTATIONS = YES;
				CLANG_WARN_DIRECT_OBJC_ISA_USAGE = YES_ERROR;
				CLANG_WARN_DOCUMENTATION_COMMENTS = YES;
				CLANG_WARN_EMPTY_BODY = YES;
				CLANG_WARN_ENUM_CONVERSION = YES;
				CLANG_WARN_INFINITE_RECURSION = YES;
				CLANG_WARN_INT_CONVERSION = YES;
				CLANG_WARN_NON_LITERAL_NULL_CONVERSION = YES;
				CLANG_WARN_OBJC_IMPLICIT_RETAIN_SELF = YES;
				CLANG_WARN_OBJC_LITERAL_CONVERSION = YES;
				CLANG_WARN_OBJC_ROOT_CLASS = YES_ERROR;
				CLANG_WARN_QUOTED_INCLUDE_IN_FRAMEWORK_HEADER = YES;
				CLANG_WARN_RANGE_LOOP_ANALYSIS = YES;
				CLANG_WARN_STRICT_PROTOTYPES = YES;
				CLANG_WARN_SUSPICIOUS_MOVE = YES;
				CLANG_WARN_UNGUARDED_AVAILABILITY = YES_AGGRESSIVE;
				CLANG_WARN_UNREACHABLE_CODE = YES;
				CLANG_WARN__DUPLICATE_METHOD_MATCH = YES;
				COPY_PHASE_STRIP = NO;
				DEBUG_INFORMATION_FORMAT = "dwarf-with-dsym";
				ENABLE_NS_ASSERTIONS = NO;
				ENABLE_STRICT_OBJC_MSGSEND = YES;
				ENABLE_USER_SCRIPT_SANDBOXING = YES;
				GCC_C_LANGUAGE_STANDARD = gnu17;
				GCC_NO_COMMON_BLOCKS = YES;
				GCC_WARN_64_TO_32_BIT_CONVERSION = YES;
				GCC_WARN_ABOUT_RETURN_TYPE = YES_ERROR;
				GCC_WARN_UNDECLARED_SELECTOR = YES;
				GCC_WARN_UNINITIALIZED_AUTOS = YES_AGGRESSIVE;
				GCC_WARN_UNUSED_FUNCTION = YES;
				GCC_WARN_UNUSED_VARIABLE = YES;
				LOCALIZATION_PREFERS_STRING_CATALOGS = YES;
				MTL_ENABLE_DEBUG_INFO = NO;
				MTL_FAST_MATH = YES;
				SDKROOT = xros;
				SWIFT_COMPILATION_MODE = wholemodule;
				VALIDATE_PRODUCT = YES;
				XROS_DEPLOYMENT_TARGET = 1.0;
			};
			name = Release;
		};
		BDBF51F12AE369610058F2E0 /* Debug */ = {
			isa = XCBuildConfiguration;
			buildSettings = {
				ASSETCATALOG_COMPILER_APPICON_NAME = AppIcon;
				ASSETCATALOG_COMPILER_GLOBAL_ACCENT_COLOR_NAME = AccentColor;
				CODE_SIGN_STYLE = Automatic;
				CURRENT_PROJECT_VERSION = 1;
				DEVELOPMENT_ASSET_PATHS = "\"cardmaster/Preview Content\"";
				DEVELOPMENT_TEAM = PLD5587GKY;
				ENABLE_PREVIEWS = YES;
				GENERATE_INFOPLIST_FILE = YES;
				INFOPLIST_FILE = cardmaster/Info.plist;
				INFOPLIST_KEY_UIApplicationSceneManifest_Generation = YES;
				LD_RUNPATH_SEARCH_PATHS = (
					"$(inherited)",
					"@executable_path/Frameworks",
				);
				MARKETING_VERSION = 1.0;
				PRODUCT_BUNDLE_IDENTIFIER = mingchungxia.cardmaster;
				PRODUCT_NAME = "$(TARGET_NAME)";
				SUPPORTED_PLATFORMS = "xros xrsimulator";
				SWIFT_EMIT_LOC_STRINGS = YES;
				SWIFT_VERSION = 5.0;
				TARGETED_DEVICE_FAMILY = "1,2,7";
			};
			name = Debug;
		};
		BDBF51F22AE369610058F2E0 /* Release */ = {
			isa = XCBuildConfiguration;
			buildSettings = {
				ASSETCATALOG_COMPILER_APPICON_NAME = AppIcon;
				ASSETCATALOG_COMPILER_GLOBAL_ACCENT_COLOR_NAME = AccentColor;
				CODE_SIGN_STYLE = Automatic;
				CURRENT_PROJECT_VERSION = 1;
				DEVELOPMENT_ASSET_PATHS = "\"cardmaster/Preview Content\"";
				DEVELOPMENT_TEAM = PLD5587GKY;
				ENABLE_PREVIEWS = YES;
				GENERATE_INFOPLIST_FILE = YES;
				INFOPLIST_FILE = cardmaster/Info.plist;
				INFOPLIST_KEY_UIApplicationSceneManifest_Generation = YES;
				LD_RUNPATH_SEARCH_PATHS = (
					"$(inherited)",
					"@executable_path/Frameworks",
				);
				MARKETING_VERSION = 1.0;
				PRODUCT_BUNDLE_IDENTIFIER = mingchungxia.cardmaster;
				PRODUCT_NAME = "$(TARGET_NAME)";
				SUPPORTED_PLATFORMS = "xros xrsimulator";
				SWIFT_EMIT_LOC_STRINGS = YES;
				SWIFT_VERSION = 5.0;
				TARGETED_DEVICE_FAMILY = "1,2,7";
			};
			name = Release;
		};
/* End XCBuildConfiguration section */

/* Begin XCConfigurationList section */
		BDBF51D52AE3695F0058F2E0 /* Build configuration list for PBXProject "cardmaster" */ = {
			isa = XCConfigurationList;
			buildConfigurations = (
				BDBF51EE2AE369610058F2E0 /* Debug */,
				BDBF51EF2AE369610058F2E0 /* Release */,
			);
			defaultConfigurationIsVisible = 0;
			defaultConfigurationName = Release;
		};
		BDBF51F02AE369610058F2E0 /* Build configuration list for PBXNativeTarget "cardmaster" */ = {
			isa = XCConfigurationList;
			buildConfigurations = (
				BDBF51F12AE369610058F2E0 /* Debug */,
				BDBF51F22AE369610058F2E0 /* Release */,
			);
			defaultConfigurationIsVisible = 0;
			defaultConfigurationName = Release;
		};
/* End XCConfigurationList section */

/* Begin XCRemoteSwiftPackageReference section */
		BDBF52192AE38D920058F2E0 /* XCRemoteSwiftPackageReference "Alamofire" */ = {
			isa = XCRemoteSwiftPackageReference;
			repositoryURL = "https://github.com/Alamofire/Alamofire.git";
			requirement = {
				kind = upToNextMajorVersion;
				minimumVersion = 5.8.0;
			};
		};
/* End XCRemoteSwiftPackageReference section */

/* Begin XCSwiftPackageProductDependency section */
		BDBF51DF2AE3695F0058F2E0 /* RealityKitContent */ = {
			isa = XCSwiftPackageProductDependency;
			productName = RealityKitContent;
		};
		BDBF521A2AE38D920058F2E0 /* Alamofire */ = {
			isa = XCSwiftPackageProductDependency;
			package = BDBF52192AE38D920058F2E0 /* XCRemoteSwiftPackageReference "Alamofire" */;
			productName = Alamofire;
		};
/* End XCSwiftPackageProductDependency section */
	};
	rootObject = BDBF51D22AE3695F0058F2E0 /* Project object */;
}
